
Microsoft Visual Studio Solution File, Format Version 12.00
# Visual Studio Version 17
VisualStudioVersion = 17.8.34525.116
MinimumVisualStudioVersion = 10.0.40219.1
Project("{FAE04EC0-301F-11D3-BF4B-00C04F79EFBC}") = "SQLEasyManager", "SQLEasyManager\SQLEasyManager.csproj", "{22B5F759-14C9-457C-9242-7F884DE48804}"
EndProject
Global
	GlobalSection(SolutionConfigurationPlatforms) = preSolution
		Debug|Any CPU = Debug|Any CPU
		Release|Any CPU = Release|Any CPU
	EndGlobalSection
	GlobalSection(ProjectConfigurationPlatforms) = postSolution
		{22B5F759-14C9-457C-9242-7F884DE48804}.Debug|Any CPU.ActiveCfg = Release|Any CPU
		{22B5F759-14C9-457C-9242-7F884DE48804}.Debug|Any CPU.Build.0 = Release|Any CPU
		{22B5F759-14C9-457C-9242-7F884DE48804}.Release|Any CPU.ActiveCfg = Release|Any CPU
		{22B5F759-14C9-457C-9242-7F884DE48804}.Release|Any CPU.Build.0 = Release|Any CPU
	EndGlobalSection
	GlobalSection(SolutionProperties) = preSolution
		HideSolutionNode = FALSE
	EndGlobalSection
	GlobalSection(ExtensibilityGlobals) = postSolution
		SolutionGuid = {EB567FC2-D143-45F7-A70F-C1D5B8595B2E}
	EndGlobalSection
EndGlobal
